schema: '2.0'
stages:
  data_ingestion:
    cmd: python src/cnnClassifier/pipeline/stage_01_data_ingestion.py
    deps:
    - path: config/config.yaml
      hash: md5
      md5: 23b0634b78d3610fb9e738af3853a3bd
      size: 581
    - path: src/cnnClassifier/pipeline/stage_01_data_ingestion.py
      hash: md5
      md5: 8c5d36c46e414b8ed03ac9bf20562c2a
      size: 912
    outs:
    - path: artifacts/data_ingestion/data
      hash: md5
      md5: a5ad2dc4e916c45e31d21092b2413998.dir
      size: 62178647
      nfiles: 2588
  prepare_base_model:
    cmd: python src/cnnClassifier/pipeline/stage_02_prepare_base_model.py
    deps:
    - path: config/config.yaml
      hash: md5
      md5: 23b0634b78d3610fb9e738af3853a3bd
      size: 581
    - path: src/cnnClassifier/pipeline/stage_02_prepare_base_model.py
      hash: md5
      md5: 3f41e803ec587c6a0908792b396af1ff
      size: 997
    params:
      params.yaml:
        CLASSES: 2
        IMAGE_SIZE:
        - 224
        - 224
        - 3
        INCLUDE_TOP: false
        LEARNING_RATE: 0.008
        WEIGHTS: imagenet
    outs:
    - path: artifacts/prepare_base_model
      hash: md5
      md5: ad156d09abffa4216930673f5d2367ff.dir
      size: 118054560
      nfiles: 2
  training:
    cmd: python src/cnnClassifier/pipeline/stage_03_model_trainer.py
    deps:
    - path: artifacts/data_ingestion/data
      hash: md5
      md5: a5ad2dc4e916c45e31d21092b2413998.dir
      size: 62178647
      nfiles: 2588
    - path: artifacts/prepare_base_model
      hash: md5
      md5: ad156d09abffa4216930673f5d2367ff.dir
      size: 118054560
      nfiles: 2
    - path: config/config.yaml
      hash: md5
      md5: 23b0634b78d3610fb9e738af3853a3bd
      size: 581
    - path: src/cnnClassifier/pipeline/stage_03_model_trainer.py
      hash: md5
      md5: 037853487a6a43e4305b0ea273f4fc3e
      size: 916
    params:
      params.yaml:
        AUGMENTATION: false
        BATCH_SIZE: 16
        EPOCHS: 2
        IMAGE_SIZE:
        - 224
        - 224
        - 3
    outs:
    - path: artifacts/training/model.h5
      hash: md5
      md5: 5b1b47ffb6aa31af50c0b7f869177814
      size: 59337520
